
Microsoft Visual Studio Solution File, Format Version 12.00
# Visual Studio Version 16
VisualStudioVersion = 16.0.29926.136
MinimumVisualStudioVersion = 10.0.40219.1
Project("{FAE04EC0-301F-11D3-BF4B-00C04F79EFBC}") = "myOApp.Android", "myOApp\myOApp.Android\myOApp.Android.csproj", "{502B1EDF-D69D-4EE5-B797-55D6497BFC2B}"
	ProjectSection(ProjectDependencies) = postProject
		{C75B6974-8DFD-4487-9B8B-61942AAF7D30} = {C75B6974-8DFD-4487-9B8B-61942AAF7D30}
	EndProjectSection
EndProject
Project("{FAE04EC0-301F-11D3-BF4B-00C04F79EFBC}") = "myOApp.iOS", "myOApp\myOApp.iOS\myOApp.iOS.csproj", "{53FDF103-712E-4EE5-92E8-28A4B6DCB6F5}"
EndProject
Project("{9A19103F-16F7-4668-BE54-9A1E7A4F7556}") = "myOApp", "myOApp\myOApp\myOApp.csproj", "{150A613B-F26A-4CD8-952B-099A53363411}"
EndProject
Project("{9A19103F-16F7-4668-BE54-9A1E7A4F7556}") = "MyOApp.DataAccess", "MyOApp.DataAccess\MyOApp.DataAccess.csproj", "{C75B6974-8DFD-4487-9B8B-61942AAF7D30}"
EndProject
Project("{9A19103F-16F7-4668-BE54-9A1E7A4F7556}") = "MyOApp.DataAccess.Tests", "MyOApp.DataAccess.Tests\MyOApp.DataAccess.Tests.csproj", "{03FD697F-3855-4546-BFFF-1C0786E02716}"
EndProject
Global
	GlobalSection(SolutionConfigurationPlatforms) = preSolution
		Debug|Any CPU = Debug|Any CPU
		Debug|iPhone = Debug|iPhone
		Debug|iPhoneSimulator = Debug|iPhoneSimulator
		Release|Any CPU = Release|Any CPU
		Release|iPhone = Release|iPhone
		Release|iPhoneSimulator = Release|iPhoneSimulator
	EndGlobalSection
	GlobalSection(ProjectConfigurationPlatforms) = postSolution
		{502B1EDF-D69D-4EE5-B797-55D6497BFC2B}.Debug|Any CPU.ActiveCfg = Debug|Any CPU
		{502B1EDF-D69D-4EE5-B797-55D6497BFC2B}.Debug|Any CPU.Build.0 = Debug|Any CPU
		{502B1EDF-D69D-4EE5-B797-55D6497BFC2B}.Debug|Any CPU.Deploy.0 = Debug|Any CPU
		{502B1EDF-D69D-4EE5-B797-55D6497BFC2B}.Debug|iPhone.ActiveCfg = Debug|Any CPU
		{502B1EDF-D69D-4EE5-B797-55D6497BFC2B}.Debug|iPhone.Build.0 = Debug|Any CPU
		{502B1EDF-D69D-4EE5-B797-55D6497BFC2B}.Debug|iPhone.Deploy.0 = Debug|Any CPU
		{502B1EDF-D69D-4EE5-B797-55D6497BFC2B}.Debug|iPhoneSimulator.ActiveCfg = Debug|Any CPU
		{502B1EDF-D69D-4EE5-B797-55D6497BFC2B}.Debug|iPhoneSimulator.Build.0 = Debug|Any CPU
		{502B1EDF-D69D-4EE5-B797-55D6497BFC2B}.Debug|iPhoneSimulator.Deploy.0 = Debug|Any CPU
		{502B1EDF-D69D-4EE5-B797-55D6497BFC2B}.Release|Any CPU.ActiveCfg = Release|Any CPU
		{502B1EDF-D69D-4EE5-B797-55D6497BFC2B}.Release|Any CPU.Build.0 = Release|Any CPU
		{502B1EDF-D69D-4EE5-B797-55D6497BFC2B}.Release|Any CPU.Deploy.0 = Release|Any CPU
		{502B1EDF-D69D-4EE5-B797-55D6497BFC2B}.Release|iPhone.ActiveCfg = Release|Any CPU
		{502B1EDF-D69D-4EE5-B797-55D6497BFC2B}.Release|iPhone.Build.0 = Release|Any CPU
		{502B1EDF-D69D-4EE5-B797-55D6497BFC2B}.Release|iPhone.Deploy.0 = Release|Any CPU
		{502B1EDF-D69D-4EE5-B797-55D6497BFC2B}.Release|iPhoneSimulator.ActiveCfg = Release|Any CPU
		{502B1EDF-D69D-4EE5-B797-55D6497BFC2B}.Release|iPhoneSimulator.Build.0 = Release|Any CPU
		{502B1EDF-D69D-4EE5-B797-55D6497BFC2B}.Release|iPhoneSimulator.Deploy.0 = Release|Any CPU
		{53FDF103-712E-4EE5-92E8-28A4B6DCB6F5}.Debug|Any CPU.ActiveCfg = Debug|iPhone
		{53FDF103-712E-4EE5-92E8-28A4B6DCB6F5}.Debug|Any CPU.Build.0 = Debug|iPhone
		{53FDF103-712E-4EE5-92E8-28A4B6DCB6F5}.Debug|Any CPU.Deploy.0 = Debug|iPhone
		{53FDF103-712E-4EE5-92E8-28A4B6DCB6F5}.Debug|iPhone.ActiveCfg = Debug|iPhone
		{53FDF103-712E-4EE5-92E8-28A4B6DCB6F5}.Debug|iPhone.Build.0 = Debug|iPhone
		{53FDF103-712E-4EE5-92E8-28A4B6DCB6F5}.Debug|iPhone.Deploy.0 = Debug|iPhone
		{53FDF103-712E-4EE5-92E8-28A4B6DCB6F5}.Debug|iPhoneSimulator.ActiveCfg = Debug|iPhoneSimulator
		{53FDF103-712E-4EE5-92E8-28A4B6DCB6F5}.Debug|iPhoneSimulator.Build.0 = Debug|iPhoneSimulator
		{53FDF103-712E-4EE5-92E8-28A4B6DCB6F5}.Debug|iPhoneSimulator.Deploy.0 = Debug|iPhoneSimulator
		{53FDF103-712E-4EE5-92E8-28A4B6DCB6F5}.Release|Any CPU.ActiveCfg = Release|iPhone
		{53FDF103-712E-4EE5-92E8-28A4B6DCB6F5}.Release|Any CPU.Build.0 = Release|iPhone
		{53FDF103-712E-4EE5-92E8-28A4B6DCB6F5}.Release|Any CPU.Deploy.0 = Release|iPhone
		{53FDF103-712E-4EE5-92E8-28A4B6DCB6F5}.Release|iPhone.ActiveCfg = Release|iPhone
		{53FDF103-712E-4EE5-92E8-28A4B6DCB6F5}.Release|iPhone.Build.0 = Release|iPhone
		{53FDF103-712E-4EE5-92E8-28A4B6DCB6F5}.Release|iPhone.Deploy.0 = Release|iPhone
		{53FDF103-712E-4EE5-92E8-28A4B6DCB6F5}.Release|iPhoneSimulator.ActiveCfg = Release|iPhoneSimulator
		{53FDF103-712E-4EE5-92E8-28A4B6DCB6F5}.Release|iPhoneSimulator.Build.0 = Release|iPhoneSimulator
		{53FDF103-712E-4EE5-92E8-28A4B6DCB6F5}.Release|iPhoneSimulator.Deploy.0 = Release|iPhoneSimulator
		{150A613B-F26A-4CD8-952B-099A53363411}.Debug|Any CPU.ActiveCfg = Debug|Any CPU
		{150A613B-F26A-4CD8-952B-099A53363411}.Debug|Any CPU.Build.0 = Debug|Any CPU
		{150A613B-F26A-4CD8-952B-099A53363411}.Debug|Any CPU.Deploy.0 = Debug|Any CPU
		{150A613B-F26A-4CD8-952B-099A53363411}.Debug|iPhone.ActiveCfg = Debug|Any CPU
		{150A613B-F26A-4CD8-952B-099A53363411}.Debug|iPhone.Build.0 = Debug|Any CPU
		{150A613B-F26A-4CD8-952B-099A53363411}.Debug|iPhone.Deploy.0 = Debug|Any CPU
		{150A613B-F26A-4CD8-952B-099A53363411}.Debug|iPhoneSimulator.ActiveCfg = Debug|Any CPU
		{150A613B-F26A-4CD8-952B-099A53363411}.Debug|iPhoneSimulator.Build.0 = Debug|Any CPU
		{150A613B-F26A-4CD8-952B-099A53363411}.Debug|iPhoneSimulator.Deploy.0 = Debug|Any CPU
		{150A613B-F26A-4CD8-952B-099A53363411}.Release|Any CPU.ActiveCfg = Release|Any CPU
		{150A613B-F26A-4CD8-952B-099A53363411}.Release|Any CPU.Build.0 = Release|Any CPU
		{150A613B-F26A-4CD8-952B-099A53363411}.Release|Any CPU.Deploy.0 = Release|Any CPU
		{150A613B-F26A-4CD8-952B-099A53363411}.Release|iPhone.ActiveCfg = Release|Any CPU
		{150A613B-F26A-4CD8-952B-099A53363411}.Release|iPhone.Build.0 = Release|Any CPU
		{150A613B-F26A-4CD8-952B-099A53363411}.Release|iPhone.Deploy.0 = Release|Any CPU
		{150A613B-F26A-4CD8-952B-099A53363411}.Release|iPhoneSimulator.ActiveCfg = Release|Any CPU
		{150A613B-F26A-4CD8-952B-099A53363411}.Release|iPhoneSimulator.Build.0 = Release|Any CPU
		{150A613B-F26A-4CD8-952B-099A53363411}.Release|iPhoneSimulator.Deploy.0 = Release|Any CPU
		{C75B6974-8DFD-4487-9B8B-61942AAF7D30}.Debug|Any CPU.ActiveCfg = Debug|Any CPU
		{C75B6974-8DFD-4487-9B8B-61942AAF7D30}.Debug|Any CPU.Build.0 = Debug|Any CPU
		{C75B6974-8DFD-4487-9B8B-61942AAF7D30}.Debug|iPhone.ActiveCfg = Debug|Any CPU
		{C75B6974-8DFD-4487-9B8B-61942AAF7D30}.Debug|iPhone.Build.0 = Debug|Any CPU
		{C75B6974-8DFD-4487-9B8B-61942AAF7D30}.Debug|iPhoneSimulator.ActiveCfg = Debug|Any CPU
		{C75B6974-8DFD-4487-9B8B-61942AAF7D30}.Debug|iPhoneSimulator.Build.0 = Debug|Any CPU
		{C75B6974-8DFD-4487-9B8B-61942AAF7D30}.Release|Any CPU.ActiveCfg = Release|Any CPU
		{C75B6974-8DFD-4487-9B8B-61942AAF7D30}.Release|Any CPU.Build.0 = Release|Any CPU
		{C75B6974-8DFD-4487-9B8B-61942AAF7D30}.Release|iPhone.ActiveCfg = Release|Any CPU
		{C75B6974-8DFD-4487-9B8B-61942AAF7D30}.Release|iPhone.Build.0 = Release|Any CPU
		{C75B6974-8DFD-4487-9B8B-61942AAF7D30}.Release|iPhoneSimulator.ActiveCfg = Release|Any CPU
		{C75B6974-8DFD-4487-9B8B-61942AAF7D30}.Release|iPhoneSimulator.Build.0 = Release|Any CPU
		{03FD697F-3855-4546-BFFF-1C0786E02716}.Debug|Any CPU.ActiveCfg = Debug|Any CPU
		{03FD697F-3855-4546-BFFF-1C0786E02716}.Debug|Any CPU.Build.0 = Debug|Any CPU
		{03FD697F-3855-4546-BFFF-1C0786E02716}.Debug|iPhone.ActiveCfg = Debug|Any CPU
		{03FD697F-3855-4546-BFFF-1C0786E02716}.Debug|iPhone.Build.0 = Debug|Any CPU
		{03FD697F-3855-4546-BFFF-1C0786E02716}.Debug|iPhoneSimulator.ActiveCfg = Debug|Any CPU
		{03FD697F-3855-4546-BFFF-1C0786E02716}.Debug|iPhoneSimulator.Build.0 = Debug|Any CPU
		{03FD697F-3855-4546-BFFF-1C0786E02716}.Release|Any CPU.ActiveCfg = Release|Any CPU
		{03FD697F-3855-4546-BFFF-1C0786E02716}.Release|Any CPU.Build.0 = Release|Any CPU
		{03FD697F-3855-4546-BFFF-1C0786E02716}.Release|iPhone.ActiveCfg = Release|Any CPU
		{03FD697F-3855-4546-BFFF-1C0786E02716}.Release|iPhone.Build.0 = Release|Any CPU
		{03FD697F-3855-4546-BFFF-1C0786E02716}.Release|iPhoneSimulator.ActiveCfg = Release|Any CPU
		{03FD697F-3855-4546-BFFF-1C0786E02716}.Release|iPhoneSimulator.Build.0 = Release|Any CPU
	EndGlobalSection
	GlobalSection(SolutionProperties) = preSolution
		HideSolutionNode = FALSE
	EndGlobalSection
	GlobalSection(ExtensibilityGlobals) = postSolution
		SolutionGuid = {E743CAB9-42E3-4C7A-9506-943D154E27DD}
	EndGlobalSection
EndGlobal
